
Microsoft Visual Studio Solution File, Format Version 12.00
# Visual Studio Version 16
VisualStudioVersion = 16.0.36324.18
MinimumVisualStudioVersion = 10.0.40219.1
Project("{8BC9CEB8-8B4A-11D0-8D11-00A0C91BC942}") = "Rodionov_58", "Rodionov_58\Rodionov_58.vcxproj", "{1BF3E9DD-B815-4F26-944F-960741059A22}"
EndProject
Project("{8BC9CEB8-8B4A-11D0-8D11-00A0C91BC942}") = "tests_tokenize", "tests_tokenize\tests_tokenize.vcxproj", "{C94DA2F6-D055-4B52-A9EF-6A1C8E561B0A}"
EndProject
Project("{2150E333-8FDC-42A3-9474-1A3956D46DE8}") = "Solution Items", "Solution Items", "{7EEB7BCD-99E6-430F-B98D-AC148493B2C5}"
	ProjectSection(SolutionItems) = preProject
		.gitignore = .gitignore
	EndProjectSection
EndProject
Project("{8BC9CEB8-8B4A-11D0-8D11-00A0C91BC942}") = "tests_toPostfix", "tests_toPostfix\tests_toPostfix.vcxproj", "{E343827F-30DB-49D3-B1A0-E1C6CC7D02C0}"
EndProject
Project("{8BC9CEB8-8B4A-11D0-8D11-00A0C91BC942}") = "tests_buildTree", "tests_buildTree\tests_buildTree.vcxproj", "{637ECB3F-D14C-47A5-A9D1-86B50F0EB326}"
EndProject
Project("{8BC9CEB8-8B4A-11D0-8D11-00A0C91BC942}") = "tests_parseExpression", "tests_parseExpression\tests_parseExpression.vcxproj", "{F5EA00D2-D7CC-4153-A52D-B21ED1DACB83}"
EndProject
Global
	GlobalSection(SolutionConfigurationPlatforms) = preSolution
		Debug|x64 = Debug|x64
		Debug|x86 = Debug|x86
		Release|x64 = Release|x64
		Release|x86 = Release|x86
	EndGlobalSection
	GlobalSection(ProjectConfigurationPlatforms) = postSolution
		{1BF3E9DD-B815-4F26-944F-960741059A22}.Debug|x64.ActiveCfg = Debug|x64
		{1BF3E9DD-B815-4F26-944F-960741059A22}.Debug|x64.Build.0 = Debug|x64
		{1BF3E9DD-B815-4F26-944F-960741059A22}.Debug|x86.ActiveCfg = Debug|Win32
		{1BF3E9DD-B815-4F26-944F-960741059A22}.Debug|x86.Build.0 = Debug|Win32
		{1BF3E9DD-B815-4F26-944F-960741059A22}.Release|x64.ActiveCfg = Release|x64
		{1BF3E9DD-B815-4F26-944F-960741059A22}.Release|x64.Build.0 = Release|x64
		{1BF3E9DD-B815-4F26-944F-960741059A22}.Release|x86.ActiveCfg = Release|Win32
		{1BF3E9DD-B815-4F26-944F-960741059A22}.Release|x86.Build.0 = Release|Win32
		{C94DA2F6-D055-4B52-A9EF-6A1C8E561B0A}.Debug|x64.ActiveCfg = Debug|x64
		{C94DA2F6-D055-4B52-A9EF-6A1C8E561B0A}.Debug|x64.Build.0 = Debug|x64
		{C94DA2F6-D055-4B52-A9EF-6A1C8E561B0A}.Debug|x86.ActiveCfg = Debug|Win32
		{C94DA2F6-D055-4B52-A9EF-6A1C8E561B0A}.Debug|x86.Build.0 = Debug|Win32
		{C94DA2F6-D055-4B52-A9EF-6A1C8E561B0A}.Release|x64.ActiveCfg = Release|x64
		{C94DA2F6-D055-4B52-A9EF-6A1C8E561B0A}.Release|x64.Build.0 = Release|x64
		{C94DA2F6-D055-4B52-A9EF-6A1C8E561B0A}.Release|x86.ActiveCfg = Release|Win32
		{C94DA2F6-D055-4B52-A9EF-6A1C8E561B0A}.Release|x86.Build.0 = Release|Win32
		{E343827F-30DB-49D3-B1A0-E1C6CC7D02C0}.Debug|x64.ActiveCfg = Debug|x64
		{E343827F-30DB-49D3-B1A0-E1C6CC7D02C0}.Debug|x64.Build.0 = Debug|x64
		{E343827F-30DB-49D3-B1A0-E1C6CC7D02C0}.Debug|x86.ActiveCfg = Debug|Win32
		{E343827F-30DB-49D3-B1A0-E1C6CC7D02C0}.Debug|x86.Build.0 = Debug|Win32
		{E343827F-30DB-49D3-B1A0-E1C6CC7D02C0}.Release|x64.ActiveCfg = Release|x64
		{E343827F-30DB-49D3-B1A0-E1C6CC7D02C0}.Release|x64.Build.0 = Release|x64
		{E343827F-30DB-49D3-B1A0-E1C6CC7D02C0}.Release|x86.ActiveCfg = Release|Win32
		{E343827F-30DB-49D3-B1A0-E1C6CC7D02C0}.Release|x86.Build.0 = Release|Win32
		{637ECB3F-D14C-47A5-A9D1-86B50F0EB326}.Debug|x64.ActiveCfg = Debug|x64
		{637ECB3F-D14C-47A5-A9D1-86B50F0EB326}.Debug|x64.Build.0 = Debug|x64
		{637ECB3F-D14C-47A5-A9D1-86B50F0EB326}.Debug|x86.ActiveCfg = Debug|Win32
		{637ECB3F-D14C-47A5-A9D1-86B50F0EB326}.Debug|x86.Build.0 = Debug|Win32
		{637ECB3F-D14C-47A5-A9D1-86B50F0EB326}.Release|x64.ActiveCfg = Release|x64
		{637ECB3F-D14C-47A5-A9D1-86B50F0EB326}.Release|x64.Build.0 = Release|x64
		{637ECB3F-D14C-47A5-A9D1-86B50F0EB326}.Release|x86.ActiveCfg = Release|Win32
		{637ECB3F-D14C-47A5-A9D1-86B50F0EB326}.Release|x86.Build.0 = Release|Win32
		{F5EA00D2-D7CC-4153-A52D-B21ED1DACB83}.Debug|x64.ActiveCfg = Debug|x64
		{F5EA00D2-D7CC-4153-A52D-B21ED1DACB83}.Debug|x64.Build.0 = Debug|x64
		{F5EA00D2-D7CC-4153-A52D-B21ED1DACB83}.Debug|x86.ActiveCfg = Debug|Win32
		{F5EA00D2-D7CC-4153-A52D-B21ED1DACB83}.Debug|x86.Build.0 = Debug|Win32
		{F5EA00D2-D7CC-4153-A52D-B21ED1DACB83}.Release|x64.ActiveCfg = Release|x64
		{F5EA00D2-D7CC-4153-A52D-B21ED1DACB83}.Release|x64.Build.0 = Release|x64
		{F5EA00D2-D7CC-4153-A52D-B21ED1DACB83}.Release|x86.ActiveCfg = Release|Win32
		{F5EA00D2-D7CC-4153-A52D-B21ED1DACB83}.Release|x86.Build.0 = Release|Win32
	EndGlobalSection
	GlobalSection(SolutionProperties) = preSolution
		HideSolutionNode = FALSE
	EndGlobalSection
	GlobalSection(ExtensibilityGlobals) = postSolution
		SolutionGuid = {0FBE6943-BFDF-4AF2-B2CD-545C39091EA0}
	EndGlobalSection
EndGlobal
